
Microsoft Visual Studio Solution File, Format Version 12.00
# Visual Studio Version 16
VisualStudioVersion = 16.0.30011.22
MinimumVisualStudioVersion = 10.0.40219.1
Project("{FAE04EC0-301F-11D3-BF4B-00C04F79EFBC}") = "ExcelFileListBoxData", "ExcelFileListBoxData\ExcelFileListBoxData.csproj", "{FD59D399-9332-4483-9BA7-30213D9FE57F}"
EndProject
Global
	GlobalSection(SolutionConfigurationPlatforms) = preSolution
		Debug|Any CPU = Debug|Any CPU
		Release|Any CPU = Release|Any CPU
	EndGlobalSection
	GlobalSection(ProjectConfigurationPlatforms) = postSolution
		{FD59D399-9332-4483-9BA7-30213D9FE57F}.Debug|Any CPU.ActiveCfg = Debug|Any CPU
		{FD59D399-9332-4483-9BA7-30213D9FE57F}.Debug|Any CPU.Build.0 = Debug|Any CPU
		{FD59D399-9332-4483-9BA7-30213D9FE57F}.Release|Any CPU.ActiveCfg = Release|Any CPU
		{FD59D399-9332-4483-9BA7-30213D9FE57F}.Release|Any CPU.Build.0 = Release|Any CPU
	EndGlobalSection
	GlobalSection(SolutionProperties) = preSolution
		HideSolutionNode = FALSE
	EndGlobalSection
	GlobalSection(ExtensibilityGlobals) = postSolution
		SolutionGuid = {B0731A6B-BD85-42E7-B296-A577A815FF0E}
	EndGlobalSection
EndGlobal
